
Microsoft Visual Studio Solution File, Format Version 12.00
Project("{FAE04EC0-301F-11D3-BF4B-00C04F79EFBC}") = "WebApplication", "WebApplication\WebApplication.csproj", "{7BF966D2-BA18-48E8-854A-2936B1DC651C}"
EndProject
Global
	GlobalSection(SolutionConfigurationPlatforms) = preSolution
		Debug|Any CPU = Debug|Any CPU
		Release|Any CPU = Release|Any CPU
	EndGlobalSection
	GlobalSection(ProjectConfigurationPlatforms) = postSolution
		{7BF966D2-BA18-48E8-854A-2936B1DC651C}.Debug|Any CPU.ActiveCfg = Debug|Any CPU
		{7BF966D2-BA18-48E8-854A-2936B1DC651C}.Debug|Any CPU.Build.0 = Debug|Any CPU
		{7BF966D2-BA18-48E8-854A-2936B1DC651C}.Release|Any CPU.ActiveCfg = Release|Any CPU
		{7BF966D2-BA18-48E8-854A-2936B1DC651C}.Release|Any CPU.Build.0 = Release|Any CPU
	EndGlobalSection
EndGlobal
